
Microsoft Visual Studio Solution File, Format Version 12.00
# Visual Studio Version 16
VisualStudioVersion = 16.0.31702.278
MinimumVisualStudioVersion = 10.0.40219.1
Project("{8BC9CEB8-8B4A-11D0-8D11-00A0C91BC942}") = "Task1", "Task1\Task1.vcxproj", "{D22C80EA-1448-4C63-AB0F-FA934E4CDAF2}"
EndProject
Project("{8BC9CEB8-8B4A-11D0-8D11-00A0C91BC942}") = "Task2", "Task2\Task2.vcxproj", "{1C78E960-A9FA-4941-B045-9FE174B7A5E8}"
EndProject
Project("{8BC9CEB8-8B4A-11D0-8D11-00A0C91BC942}") = "Task3", "Task3\Task3.vcxproj", "{5B3B3371-B444-4799-B698-F65AA815C563}"
EndProject
Project("{8BC9CEB8-8B4A-11D0-8D11-00A0C91BC942}") = "Task4", "Task4\Task4.vcxproj", "{00B2FE5D-8052-49E1-AF36-1DF696BE6A39}"
EndProject
Project("{8BC9CEB8-8B4A-11D0-8D11-00A0C91BC942}") = "Task5", "Task5\Task5.vcxproj", "{EE97979A-B1A0-43BE-9FED-0109939FEAB2}"
EndProject
Project("{8BC9CEB8-8B4A-11D0-8D11-00A0C91BC942}") = "Task6", "Task6\Task6.vcxproj", "{485A990D-7B8E-45F6-A147-E4CEA2F391FA}"
EndProject
Project("{8BC9CEB8-8B4A-11D0-8D11-00A0C91BC942}") = "Task7", "Task7\Task7.vcxproj", "{A44D1D46-9736-4ED4-ADDE-9A973A60EE13}"
EndProject
Project("{8BC9CEB8-8B4A-11D0-8D11-00A0C91BC942}") = "Task8", "Task8\Task8.vcxproj", "{78FD8CAA-83A3-45C8-8A53-F1C0948CB145}"
EndProject
Project("{8BC9CEB8-8B4A-11D0-8D11-00A0C91BC942}") = "Task9", "Task9\Task9.vcxproj", "{CA25767E-215B-4928-8354-14A38B205DD9}"
EndProject
Global
	GlobalSection(SolutionConfigurationPlatforms) = preSolution
		Debug|x64 = Debug|x64
		Debug|x86 = Debug|x86
		Release|x64 = Release|x64
		Release|x86 = Release|x86
	EndGlobalSection
	GlobalSection(ProjectConfigurationPlatforms) = postSolution
		{D22C80EA-1448-4C63-AB0F-FA934E4CDAF2}.Debug|x64.ActiveCfg = Debug|x64
		{D22C80EA-1448-4C63-AB0F-FA934E4CDAF2}.Debug|x64.Build.0 = Debug|x64
		{D22C80EA-1448-4C63-AB0F-FA934E4CDAF2}.Debug|x86.ActiveCfg = Debug|Win32
		{D22C80EA-1448-4C63-AB0F-FA934E4CDAF2}.Debug|x86.Build.0 = Debug|Win32
		{D22C80EA-1448-4C63-AB0F-FA934E4CDAF2}.Release|x64.ActiveCfg = Release|x64
		{D22C80EA-1448-4C63-AB0F-FA934E4CDAF2}.Release|x64.Build.0 = Release|x64
		{D22C80EA-1448-4C63-AB0F-FA934E4CDAF2}.Release|x86.ActiveCfg = Release|Win32
		{D22C80EA-1448-4C63-AB0F-FA934E4CDAF2}.Release|x86.Build.0 = Release|Win32
		{1C78E960-A9FA-4941-B045-9FE174B7A5E8}.Debug|x64.ActiveCfg = Debug|x64
		{1C78E960-A9FA-4941-B045-9FE174B7A5E8}.Debug|x64.Build.0 = Debug|x64
		{1C78E960-A9FA-4941-B045-9FE174B7A5E8}.Debug|x86.ActiveCfg = Debug|Win32
		{1C78E960-A9FA-4941-B045-9FE174B7A5E8}.Debug|x86.Build.0 = Debug|Win32
		{1C78E960-A9FA-4941-B045-9FE174B7A5E8}.Release|x64.ActiveCfg = Release|x64
		{1C78E960-A9FA-4941-B045-9FE174B7A5E8}.Release|x64.Build.0 = Release|x64
		{1C78E960-A9FA-4941-B045-9FE174B7A5E8}.Release|x86.ActiveCfg = Release|Win32
		{1C78E960-A9FA-4941-B045-9FE174B7A5E8}.Release|x86.Build.0 = Release|Win32
		{5B3B3371-B444-4799-B698-F65AA815C563}.Debug|x64.ActiveCfg = Debug|x64
		{5B3B3371-B444-4799-B698-F65AA815C563}.Debug|x64.Build.0 = Debug|x64
		{5B3B3371-B444-4799-B698-F65AA815C563}.Debug|x86.ActiveCfg = Debug|Win32
		{5B3B3371-B444-4799-B698-F65AA815C563}.Debug|x86.Build.0 = Debug|Win32
		{5B3B3371-B444-4799-B698-F65AA815C563}.Release|x64.ActiveCfg = Release|x64
		{5B3B3371-B444-4799-B698-F65AA815C563}.Release|x64.Build.0 = Release|x64
		{5B3B3371-B444-4799-B698-F65AA815C563}.Release|x86.ActiveCfg = Release|Win32
		{5B3B3371-B444-4799-B698-F65AA815C563}.Release|x86.Build.0 = Release|Win32
		{00B2FE5D-8052-49E1-AF36-1DF696BE6A39}.Debug|x64.ActiveCfg = Debug|x64
		{00B2FE5D-8052-49E1-AF36-1DF696BE6A39}.Debug|x64.Build.0 = Debug|x64
		{00B2FE5D-8052-49E1-AF36-1DF696BE6A39}.Debug|x86.ActiveCfg = Debug|Win32
		{00B2FE5D-8052-49E1-AF36-1DF696BE6A39}.Debug|x86.Build.0 = Debug|Win32
		{00B2FE5D-8052-49E1-AF36-1DF696BE6A39}.Release|x64.ActiveCfg = Release|x64
		{00B2FE5D-8052-49E1-AF36-1DF696BE6A39}.Release|x64.Build.0 = Release|x64
		{00B2FE5D-8052-49E1-AF36-1DF696BE6A39}.Release|x86.ActiveCfg = Release|Win32
		{00B2FE5D-8052-49E1-AF36-1DF696BE6A39}.Release|x86.Build.0 = Release|Win32
		{EE97979A-B1A0-43BE-9FED-0109939FEAB2}.Debug|x64.ActiveCfg = Debug|x64
		{EE97979A-B1A0-43BE-9FED-0109939FEAB2}.Debug|x64.Build.0 = Debug|x64
		{EE97979A-B1A0-43BE-9FED-0109939FEAB2}.Debug|x86.ActiveCfg = Debug|Win32
		{EE97979A-B1A0-43BE-9FED-0109939FEAB2}.Debug|x86.Build.0 = Debug|Win32
		{EE97979A-B1A0-43BE-9FED-0109939FEAB2}.Release|x64.ActiveCfg = Release|x64
		{EE97979A-B1A0-43BE-9FED-0109939FEAB2}.Release|x64.Build.0 = Release|x64
		{EE97979A-B1A0-43BE-9FED-0109939FEAB2}.Release|x86.ActiveCfg = Release|Win32
		{EE97979A-B1A0-43BE-9FED-0109939FEAB2}.Release|x86.Build.0 = Release|Win32
		{485A990D-7B8E-45F6-A147-E4CEA2F391FA}.Debug|x64.ActiveCfg = Debug|x64
		{485A990D-7B8E-45F6-A147-E4CEA2F391FA}.Debug|x64.Build.0 = Debug|x64
		{485A990D-7B8E-45F6-A147-E4CEA2F391FA}.Debug|x86.ActiveCfg = Debug|Win32
		{485A990D-7B8E-45F6-A147-E4CEA2F391FA}.Debug|x86.Build.0 = Debug|Win32
		{485A990D-7B8E-45F6-A147-E4CEA2F391FA}.Release|x64.ActiveCfg = Release|x64
		{485A990D-7B8E-45F6-A147-E4CEA2F391FA}.Release|x64.Build.0 = Release|x64
		{485A990D-7B8E-45F6-A147-E4CEA2F391FA}.Release|x86.ActiveCfg = Release|Win32
		{485A990D-7B8E-45F6-A147-E4CEA2F391FA}.Release|x86.Build.0 = Release|Win32
		{A44D1D46-9736-4ED4-ADDE-9A973A60EE13}.Debug|x64.ActiveCfg = Debug|x64
		{A44D1D46-9736-4ED4-ADDE-9A973A60EE13}.Debug|x64.Build.0 = Debug|x64
		{A44D1D46-9736-4ED4-ADDE-9A973A60EE13}.Debug|x86.ActiveCfg = Debug|Win32
		{A44D1D46-9736-4ED4-ADDE-9A973A60EE13}.Debug|x86.Build.0 = Debug|Win32
		{A44D1D46-9736-4ED4-ADDE-9A973A60EE13}.Release|x64.ActiveCfg = Release|x64
		{A44D1D46-9736-4ED4-ADDE-9A973A60EE13}.Release|x64.Build.0 = Release|x64
		{A44D1D46-9736-4ED4-ADDE-9A973A60EE13}.Release|x86.ActiveCfg = Release|Win32
		{A44D1D46-9736-4ED4-ADDE-9A973A60EE13}.Release|x86.Build.0 = Release|Win32
		{78FD8CAA-83A3-45C8-8A53-F1C0948CB145}.Debug|x64.ActiveCfg = Debug|x64
		{78FD8CAA-83A3-45C8-8A53-F1C0948CB145}.Debug|x64.Build.0 = Debug|x64
		{78FD8CAA-83A3-45C8-8A53-F1C0948CB145}.Debug|x86.ActiveCfg = Debug|Win32
		{78FD8CAA-83A3-45C8-8A53-F1C0948CB145}.Debug|x86.Build.0 = Debug|Win32
		{78FD8CAA-83A3-45C8-8A53-F1C0948CB145}.Release|x64.ActiveCfg = Release|x64
		{78FD8CAA-83A3-45C8-8A53-F1C0948CB145}.Release|x64.Build.0 = Release|x64
		{78FD8CAA-83A3-45C8-8A53-F1C0948CB145}.Release|x86.ActiveCfg = Release|Win32
		{78FD8CAA-83A3-45C8-8A53-F1C0948CB145}.Release|x86.Build.0 = Release|Win32
		{CA25767E-215B-4928-8354-14A38B205DD9}.Debug|x64.ActiveCfg = Debug|x64
		{CA25767E-215B-4928-8354-14A38B205DD9}.Debug|x64.Build.0 = Debug|x64
		{CA25767E-215B-4928-8354-14A38B205DD9}.Debug|x86.ActiveCfg = Debug|Win32
		{CA25767E-215B-4928-8354-14A38B205DD9}.Debug|x86.Build.0 = Debug|Win32
		{CA25767E-215B-4928-8354-14A38B205DD9}.Release|x64.ActiveCfg = Release|x64
		{CA25767E-215B-4928-8354-14A38B205DD9}.Release|x64.Build.0 = Release|x64
		{CA25767E-215B-4928-8354-14A38B205DD9}.Release|x86.ActiveCfg = Release|Win32
		{CA25767E-215B-4928-8354-14A38B205DD9}.Release|x86.Build.0 = Release|Win32
	EndGlobalSection
	GlobalSection(SolutionProperties) = preSolution
		HideSolutionNode = FALSE
	EndGlobalSection
	GlobalSection(ExtensibilityGlobals) = postSolution
		SolutionGuid = {CF532DA8-8203-4EC4-A580-D098A8E44B26}
	EndGlobalSection
EndGlobal
