
Microsoft Visual Studio Solution File, Format Version 12.00
# Visual Studio Version 16
VisualStudioVersion = 16.0.31702.278
MinimumVisualStudioVersion = 10.0.40219.1
Project("{8BC9CEB8-8B4A-11D0-8D11-00A0C91BC942}") = "Task1", "Task1\Task1.vcxproj", "{A5304A2E-A06E-4797-A8D8-99C655EBD4C8}"
EndProject
Project("{8BC9CEB8-8B4A-11D0-8D11-00A0C91BC942}") = "Task2", "Task2\Task2.vcxproj", "{830E8A6D-B30A-4A9D-9F71-43D6DA0D6282}"
EndProject
Project("{8BC9CEB8-8B4A-11D0-8D11-00A0C91BC942}") = "Task3", "Task3\Task3.vcxproj", "{38FF27E4-4563-4A7E-A336-DC07CA1C40B0}"
EndProject
Project("{8BC9CEB8-8B4A-11D0-8D11-00A0C91BC942}") = "Task4", "Task4\Task4.vcxproj", "{1F0BD393-7A99-4F7D-BCE1-0226820F076F}"
EndProject
Project("{8BC9CEB8-8B4A-11D0-8D11-00A0C91BC942}") = "Task5", "Task5\Task5.vcxproj", "{526C5B5B-442A-4BEB-89B8-145159F83FC3}"
EndProject
Project("{8BC9CEB8-8B4A-11D0-8D11-00A0C91BC942}") = "Task6", "Task6\Task6.vcxproj", "{DC4B7CE4-1F6B-41E1-8A03-CEA10FA4D3CE}"
EndProject
Project("{8BC9CEB8-8B4A-11D0-8D11-00A0C91BC942}") = "Task7", "Task7\Task7.vcxproj", "{8C5ADF23-8F56-4939-888F-3A69CB6BE940}"
EndProject
Project("{8BC9CEB8-8B4A-11D0-8D11-00A0C91BC942}") = "Task8", "Task8\Task8.vcxproj", "{EC65C9AD-A35C-4D2D-9107-9E1F319D6727}"
EndProject
Project("{8BC9CEB8-8B4A-11D0-8D11-00A0C91BC942}") = "Task9", "Task9\Task9.vcxproj", "{83E56D4F-0DDF-4965-8493-18D56F91EA2B}"
EndProject
Project("{8BC9CEB8-8B4A-11D0-8D11-00A0C91BC942}") = "Task10", "Task10\Task10.vcxproj", "{3700E417-4434-48A4-95FC-1709AA363EBA}"
EndProject
Global
	GlobalSection(SolutionConfigurationPlatforms) = preSolution
		Debug|x64 = Debug|x64
		Debug|x86 = Debug|x86
		Release|x64 = Release|x64
		Release|x86 = Release|x86
	EndGlobalSection
	GlobalSection(ProjectConfigurationPlatforms) = postSolution
		{A5304A2E-A06E-4797-A8D8-99C655EBD4C8}.Debug|x64.ActiveCfg = Debug|x64
		{A5304A2E-A06E-4797-A8D8-99C655EBD4C8}.Debug|x64.Build.0 = Debug|x64
		{A5304A2E-A06E-4797-A8D8-99C655EBD4C8}.Debug|x86.ActiveCfg = Debug|Win32
		{A5304A2E-A06E-4797-A8D8-99C655EBD4C8}.Debug|x86.Build.0 = Debug|Win32
		{A5304A2E-A06E-4797-A8D8-99C655EBD4C8}.Release|x64.ActiveCfg = Release|x64
		{A5304A2E-A06E-4797-A8D8-99C655EBD4C8}.Release|x64.Build.0 = Release|x64
		{A5304A2E-A06E-4797-A8D8-99C655EBD4C8}.Release|x86.ActiveCfg = Release|Win32
		{A5304A2E-A06E-4797-A8D8-99C655EBD4C8}.Release|x86.Build.0 = Release|Win32
		{830E8A6D-B30A-4A9D-9F71-43D6DA0D6282}.Debug|x64.ActiveCfg = Debug|x64
		{830E8A6D-B30A-4A9D-9F71-43D6DA0D6282}.Debug|x64.Build.0 = Debug|x64
		{830E8A6D-B30A-4A9D-9F71-43D6DA0D6282}.Debug|x86.ActiveCfg = Debug|Win32
		{830E8A6D-B30A-4A9D-9F71-43D6DA0D6282}.Debug|x86.Build.0 = Debug|Win32
		{830E8A6D-B30A-4A9D-9F71-43D6DA0D6282}.Release|x64.ActiveCfg = Release|x64
		{830E8A6D-B30A-4A9D-9F71-43D6DA0D6282}.Release|x64.Build.0 = Release|x64
		{830E8A6D-B30A-4A9D-9F71-43D6DA0D6282}.Release|x86.ActiveCfg = Release|Win32
		{830E8A6D-B30A-4A9D-9F71-43D6DA0D6282}.Release|x86.Build.0 = Release|Win32
		{38FF27E4-4563-4A7E-A336-DC07CA1C40B0}.Debug|x64.ActiveCfg = Debug|x64
		{38FF27E4-4563-4A7E-A336-DC07CA1C40B0}.Debug|x64.Build.0 = Debug|x64
		{38FF27E4-4563-4A7E-A336-DC07CA1C40B0}.Debug|x86.ActiveCfg = Debug|Win32
		{38FF27E4-4563-4A7E-A336-DC07CA1C40B0}.Debug|x86.Build.0 = Debug|Win32
		{38FF27E4-4563-4A7E-A336-DC07CA1C40B0}.Release|x64.ActiveCfg = Release|x64
		{38FF27E4-4563-4A7E-A336-DC07CA1C40B0}.Release|x64.Build.0 = Release|x64
		{38FF27E4-4563-4A7E-A336-DC07CA1C40B0}.Release|x86.ActiveCfg = Release|Win32
		{38FF27E4-4563-4A7E-A336-DC07CA1C40B0}.Release|x86.Build.0 = Release|Win32
		{1F0BD393-7A99-4F7D-BCE1-0226820F076F}.Debug|x64.ActiveCfg = Debug|x64
		{1F0BD393-7A99-4F7D-BCE1-0226820F076F}.Debug|x64.Build.0 = Debug|x64
		{1F0BD393-7A99-4F7D-BCE1-0226820F076F}.Debug|x86.ActiveCfg = Debug|Win32
		{1F0BD393-7A99-4F7D-BCE1-0226820F076F}.Debug|x86.Build.0 = Debug|Win32
		{1F0BD393-7A99-4F7D-BCE1-0226820F076F}.Release|x64.ActiveCfg = Release|x64
		{1F0BD393-7A99-4F7D-BCE1-0226820F076F}.Release|x64.Build.0 = Release|x64
		{1F0BD393-7A99-4F7D-BCE1-0226820F076F}.Release|x86.ActiveCfg = Release|Win32
		{1F0BD393-7A99-4F7D-BCE1-0226820F076F}.Release|x86.Build.0 = Release|Win32
		{526C5B5B-442A-4BEB-89B8-145159F83FC3}.Debug|x64.ActiveCfg = Debug|x64
		{526C5B5B-442A-4BEB-89B8-145159F83FC3}.Debug|x64.Build.0 = Debug|x64
		{526C5B5B-442A-4BEB-89B8-145159F83FC3}.Debug|x86.ActiveCfg = Debug|Win32
		{526C5B5B-442A-4BEB-89B8-145159F83FC3}.Debug|x86.Build.0 = Debug|Win32
		{526C5B5B-442A-4BEB-89B8-145159F83FC3}.Release|x64.ActiveCfg = Release|x64
		{526C5B5B-442A-4BEB-89B8-145159F83FC3}.Release|x64.Build.0 = Release|x64
		{526C5B5B-442A-4BEB-89B8-145159F83FC3}.Release|x86.ActiveCfg = Release|Win32
		{526C5B5B-442A-4BEB-89B8-145159F83FC3}.Release|x86.Build.0 = Release|Win32
		{DC4B7CE4-1F6B-41E1-8A03-CEA10FA4D3CE}.Debug|x64.ActiveCfg = Debug|x64
		{DC4B7CE4-1F6B-41E1-8A03-CEA10FA4D3CE}.Debug|x64.Build.0 = Debug|x64
		{DC4B7CE4-1F6B-41E1-8A03-CEA10FA4D3CE}.Debug|x86.ActiveCfg = Debug|Win32
		{DC4B7CE4-1F6B-41E1-8A03-CEA10FA4D3CE}.Debug|x86.Build.0 = Debug|Win32
		{DC4B7CE4-1F6B-41E1-8A03-CEA10FA4D3CE}.Release|x64.ActiveCfg = Release|x64
		{DC4B7CE4-1F6B-41E1-8A03-CEA10FA4D3CE}.Release|x64.Build.0 = Release|x64
		{DC4B7CE4-1F6B-41E1-8A03-CEA10FA4D3CE}.Release|x86.ActiveCfg = Release|Win32
		{DC4B7CE4-1F6B-41E1-8A03-CEA10FA4D3CE}.Release|x86.Build.0 = Release|Win32
		{8C5ADF23-8F56-4939-888F-3A69CB6BE940}.Debug|x64.ActiveCfg = Debug|x64
		{8C5ADF23-8F56-4939-888F-3A69CB6BE940}.Debug|x64.Build.0 = Debug|x64
		{8C5ADF23-8F56-4939-888F-3A69CB6BE940}.Debug|x86.ActiveCfg = Debug|Win32
		{8C5ADF23-8F56-4939-888F-3A69CB6BE940}.Debug|x86.Build.0 = Debug|Win32
		{8C5ADF23-8F56-4939-888F-3A69CB6BE940}.Release|x64.ActiveCfg = Release|x64
		{8C5ADF23-8F56-4939-888F-3A69CB6BE940}.Release|x64.Build.0 = Release|x64
		{8C5ADF23-8F56-4939-888F-3A69CB6BE940}.Release|x86.ActiveCfg = Release|Win32
		{8C5ADF23-8F56-4939-888F-3A69CB6BE940}.Release|x86.Build.0 = Release|Win32
		{EC65C9AD-A35C-4D2D-9107-9E1F319D6727}.Debug|x64.ActiveCfg = Debug|x64
		{EC65C9AD-A35C-4D2D-9107-9E1F319D6727}.Debug|x64.Build.0 = Debug|x64
		{EC65C9AD-A35C-4D2D-9107-9E1F319D6727}.Debug|x86.ActiveCfg = Debug|Win32
		{EC65C9AD-A35C-4D2D-9107-9E1F319D6727}.Debug|x86.Build.0 = Debug|Win32
		{EC65C9AD-A35C-4D2D-9107-9E1F319D6727}.Release|x64.ActiveCfg = Release|x64
		{EC65C9AD-A35C-4D2D-9107-9E1F319D6727}.Release|x64.Build.0 = Release|x64
		{EC65C9AD-A35C-4D2D-9107-9E1F319D6727}.Release|x86.ActiveCfg = Release|Win32
		{EC65C9AD-A35C-4D2D-9107-9E1F319D6727}.Release|x86.Build.0 = Release|Win32
		{83E56D4F-0DDF-4965-8493-18D56F91EA2B}.Debug|x64.ActiveCfg = Debug|x64
		{83E56D4F-0DDF-4965-8493-18D56F91EA2B}.Debug|x64.Build.0 = Debug|x64
		{83E56D4F-0DDF-4965-8493-18D56F91EA2B}.Debug|x86.ActiveCfg = Debug|Win32
		{83E56D4F-0DDF-4965-8493-18D56F91EA2B}.Debug|x86.Build.0 = Debug|Win32
		{83E56D4F-0DDF-4965-8493-18D56F91EA2B}.Release|x64.ActiveCfg = Release|x64
		{83E56D4F-0DDF-4965-8493-18D56F91EA2B}.Release|x64.Build.0 = Release|x64
		{83E56D4F-0DDF-4965-8493-18D56F91EA2B}.Release|x86.ActiveCfg = Release|Win32
		{83E56D4F-0DDF-4965-8493-18D56F91EA2B}.Release|x86.Build.0 = Release|Win32
		{3700E417-4434-48A4-95FC-1709AA363EBA}.Debug|x64.ActiveCfg = Debug|x64
		{3700E417-4434-48A4-95FC-1709AA363EBA}.Debug|x64.Build.0 = Debug|x64
		{3700E417-4434-48A4-95FC-1709AA363EBA}.Debug|x86.ActiveCfg = Debug|Win32
		{3700E417-4434-48A4-95FC-1709AA363EBA}.Debug|x86.Build.0 = Debug|Win32
		{3700E417-4434-48A4-95FC-1709AA363EBA}.Release|x64.ActiveCfg = Release|x64
		{3700E417-4434-48A4-95FC-1709AA363EBA}.Release|x64.Build.0 = Release|x64
		{3700E417-4434-48A4-95FC-1709AA363EBA}.Release|x86.ActiveCfg = Release|Win32
		{3700E417-4434-48A4-95FC-1709AA363EBA}.Release|x86.Build.0 = Release|Win32
	EndGlobalSection
	GlobalSection(SolutionProperties) = preSolution
		HideSolutionNode = FALSE
	EndGlobalSection
	GlobalSection(ExtensibilityGlobals) = postSolution
		SolutionGuid = {D087519B-AED9-4F67-A4DB-3F04DAA341F3}
	EndGlobalSection
EndGlobal
